
Microsoft Visual Studio Solution File, Format Version 12.00
# Visual Studio Version 17
VisualStudioVersion = 17.6.0
MinimumVisualStudioVersion = 10.0.40219.1
Project("{FAE04EC0-301F-11D3-BF4B-00C04F79EFBC}") = "WpfApp1", "WpfApp1\WpfApp1.csproj", "{EBB62F68-C2BF-458C-8D53-AB28C16208E2}"
EndProject
Project("{FAE04EC0-301F-11D3-BF4B-00C04F79EFBC}") = "Islidesshow", "Islidesshow\Islidesshow.csproj", "{CA2C19F5-B1C8-4757-867E-C3A3A97B394C}"
EndProject
Project("{FAE04EC0-301F-11D3-BF4B-00C04F79EFBC}") = "HorizontalEffect", "HorizontalEffect\HorizontalEffect.csproj", "{B7C4F020-B841-4E9A-8388-E1F606298D5D}"
EndProject
Project("{FAE04EC0-301F-11D3-BF4B-00C04F79EFBC}") = "OpacityEffect", "OpacityEffect\OpacityEffect.csproj", "{510728DD-7C9F-4BD8-ABDF-4F83FE53278F}"
EndProject
Project("{FAE04EC0-301F-11D3-BF4B-00C04F79EFBC}") = "VerticalEffect", "VerticalEffect\VerticalEffect.csproj", "{A0592448-3B0F-45B7-8DAA-398AC43EBB3D}"
EndProject
Global
	GlobalSection(SolutionConfigurationPlatforms) = preSolution
		Debug|Any CPU = Debug|Any CPU
		Release|Any CPU = Release|Any CPU
	EndGlobalSection
	GlobalSection(ProjectConfigurationPlatforms) = postSolution
		{EBB62F68-C2BF-458C-8D53-AB28C16208E2}.Debug|Any CPU.ActiveCfg = Debug|Any CPU
		{EBB62F68-C2BF-458C-8D53-AB28C16208E2}.Debug|Any CPU.Build.0 = Debug|Any CPU
		{EBB62F68-C2BF-458C-8D53-AB28C16208E2}.Release|Any CPU.ActiveCfg = Release|Any CPU
		{EBB62F68-C2BF-458C-8D53-AB28C16208E2}.Release|Any CPU.Build.0 = Release|Any CPU
		{CA2C19F5-B1C8-4757-867E-C3A3A97B394C}.Debug|Any CPU.ActiveCfg = Debug|Any CPU
		{CA2C19F5-B1C8-4757-867E-C3A3A97B394C}.Debug|Any CPU.Build.0 = Debug|Any CPU
		{CA2C19F5-B1C8-4757-867E-C3A3A97B394C}.Release|Any CPU.ActiveCfg = Release|Any CPU
		{CA2C19F5-B1C8-4757-867E-C3A3A97B394C}.Release|Any CPU.Build.0 = Release|Any CPU
		{B7C4F020-B841-4E9A-8388-E1F606298D5D}.Debug|Any CPU.ActiveCfg = Debug|Any CPU
		{B7C4F020-B841-4E9A-8388-E1F606298D5D}.Debug|Any CPU.Build.0 = Debug|Any CPU
		{B7C4F020-B841-4E9A-8388-E1F606298D5D}.Release|Any CPU.ActiveCfg = Release|Any CPU
		{B7C4F020-B841-4E9A-8388-E1F606298D5D}.Release|Any CPU.Build.0 = Release|Any CPU
		{510728DD-7C9F-4BD8-ABDF-4F83FE53278F}.Debug|Any CPU.ActiveCfg = Debug|Any CPU
		{510728DD-7C9F-4BD8-ABDF-4F83FE53278F}.Debug|Any CPU.Build.0 = Debug|Any CPU
		{510728DD-7C9F-4BD8-ABDF-4F83FE53278F}.Release|Any CPU.ActiveCfg = Release|Any CPU
		{510728DD-7C9F-4BD8-ABDF-4F83FE53278F}.Release|Any CPU.Build.0 = Release|Any CPU
		{A0592448-3B0F-45B7-8DAA-398AC43EBB3D}.Debug|Any CPU.ActiveCfg = Debug|Any CPU
		{A0592448-3B0F-45B7-8DAA-398AC43EBB3D}.Debug|Any CPU.Build.0 = Debug|Any CPU
		{A0592448-3B0F-45B7-8DAA-398AC43EBB3D}.Release|Any CPU.ActiveCfg = Release|Any CPU
		{A0592448-3B0F-45B7-8DAA-398AC43EBB3D}.Release|Any CPU.Build.0 = Release|Any CPU
	EndGlobalSection
	GlobalSection(SolutionProperties) = preSolution
		HideSolutionNode = FALSE
	EndGlobalSection
	GlobalSection(ExtensibilityGlobals) = postSolution
		SolutionGuid = {43A8DADA-C660-4C10-8CC2-C19090DFFAB7}
	EndGlobalSection
EndGlobal
